// !$*UTF8*$!
{
	archiveVersion = 1;
	classes = {
	};
	objectVersion = 48;
	objects = {

/* Begin PBXBuildFile section */
		69523B661FA94E31004135EB /* AppDelegate.swift in Sources */ = {isa = PBXBuildFile; fileRef = 69523B651FA94E31004135EB /* AppDelegate.swift */; };
		69523B681FA94E31004135EB /* ViewController.swift in Sources */ = {isa = PBXBuildFile; fileRef = 69523B671FA94E31004135EB /* ViewController.swift */; };
		69523B6B1FA94E31004135EB /* Main.storyboard in Resources */ = {isa = PBXBuildFile; fileRef = 69523B691FA94E31004135EB /* Main.storyboard */; };
		69523B6D1FA94E31004135EB /* Assets.xcassets in Resources */ = {isa = PBXBuildFile; fileRef = 69523B6C1FA94E31004135EB /* Assets.xcassets */; };
		69523B701FA94E31004135EB /* LaunchScreen.storyboard in Resources */ = {isa = PBXBuildFile; fileRef = 69523B6E1FA94E31004135EB /* LaunchScreen.storyboard */; };
		69523B7B1FA94E31004135EB /* testTests.swift in Sources */ = {isa = PBXBuildFile; fileRef = 69523B7A1FA94E31004135EB /* testTests.swift */; };
		69523B861FA94E31004135EB /* testUITests.swift in Sources */ = {isa = PBXBuildFile; fileRef = 69523B851FA94E31004135EB /* testUITests.swift */; };
/* End PBXBuildFile section */

/* Begin PBXContainerItemProxy section */
		69523B771FA94E31004135EB /* PBXContainerItemProxy */ = {
			isa = PBXContainerItemProxy;
			containerPortal = 69523B5A1FA94E31004135EB /* Project object */;
			proxyType = 1;
			remoteGlobalIDString = 69523B611FA94E31004135EB;
			remoteInfo = test;
		};
		69523B821FA94E31004135EB /* PBXContainerItemProxy */ = {
			isa = PBXContainerItemProxy;
			containerPortal = 69523B5A1FA94E31004135EB /* Project object */;
			proxyType = 1;
			remoteGlobalIDString = 69523B611FA94E31004135EB;
			remoteInfo = test;
		};
/* End PBXContainerItemProxy section */

/* Begin PBXFileReference section */
		69523B621FA94E31004135EB /* test.app */ = {isa = PBXFileReference; explicitFileType = wrapper.application; includeInIndex = 0; path = test.app; sourceTree = BUILT_PRODUCTS_DIR; };
		69523B651FA94E31004135EB /* AppDelegate.swift */ = {isa = PBXFileReference; lastKnownFileType = sourcecode.swift; path = AppDelegate.swift; sourceTree = "<group>"; };
		69523B671FA94E31004135EB /* ViewController.swift */ = {isa = PBXFileReference; lastKnownFileType = sourcecode.swift; path = ViewController.swift; sourceTree = "<group>"; wrapsLines = 0; };
		69523B6A1FA94E31004135EB /* Base */ = {isa = PBXFileReference; lastKnownFileType = file.storyboard; name = Base; path = Base.lproj/Main.storyboard; sourceTree = "<group>"; };
		69523B6C1FA94E31004135EB /* Assets.xcassets */ = {isa = PBXFileReference; lastKnownFileType = folder.assetcatalog; path = Assets.xcassets; sourceTree = "<group>"; };
		69523B6F1FA94E31004135EB /* Base */ = {isa = PBXFileReference; lastKnownFileType = file.storyboard; name = Base; path = Base.lproj/LaunchScreen.storyboard; sourceTree = "<group>"; };
		69523B711FA94E31004135EB /* Info.plist */ = {isa = PBXFileReference; lastKnownFileType = text.plist.xml; path = Info.plist; sourceTree = "<group>"; };
		69523B761FA94E31004135EB /* testTests.xctest */ = {isa = PBXFileReference; explicitFileType = wrapper.cfbundle; includeInIndex = 0; path = testTests.xctest; sourceTree = BUILT_PRODUCTS_DIR; };
		69523B7A1FA94E31004135EB /* testTests.swift */ = {isa = PBXFileReference; lastKnownFileType = sourcecode.swift; path = testTests.swift; sourceTree = "<group>"; };
		69523B7C1FA94E31004135EB /* Info.plist */ = {isa = PBXFileReference; lastKnownFileType = text.plist.xml; path = Info.plist; sourceTree = "<group>"; };
		69523B811FA94E31004135EB /* testUITests.xctest */ = {isa = PBXFileReference; explicitFileType = wrapper.cfbundle; includeInIndex = 0; path = testUITests.xctest; sourceTree = BUILT_PRODUCTS_DIR; };
		69523B851FA94E31004135EB /* testUITests.swift */ = {isa = PBXFileReference; lastKnownFileType = sourcecode.swift; path = testUITests.swift; sourceTree = "<group>"; };
		69523B871FA94E31004135EB /* Info.plist */ = {isa = PBXFileReference; lastKnownFileType = text.plist.xml; path = Info.plist; sourceTree = "<group>"; };
/* End PBXFileReference section */

/* Begin PBXFrameworksBuildPhase section */
		69523B5F1FA94E31004135EB /* Frameworks */ = {
			isa = PBXFrameworksBuildPhase;
			buildActionMask = 2147483647;
			files = (
			);
			runOnlyForDeploymentPostprocessing = 0;
		};
		69523B731FA94E31004135EB /* Frameworks */ = {
			isa = PBXFrameworksBuildPhase;
			buildActionMask = 2147483647;
			files = (
			);
			runOnlyForDeploymentPostprocessing = 0;
		};
		69523B7E1FA94E31004135EB /* Frameworks */ = {
			isa = PBXFrameworksBuildPhase;
			buildActionMask = 2147483647;
			files = (
			);
			runOnlyForDeploymentPostprocessing = 0;
		};
/* End PBXFrameworksBuildPhase section */

/* Begin PBXGroup section */
		69523B591FA94E31004135EB = {
			isa = PBXGroup;
			children = (
				69523B641FA94E31004135EB /* test */,
				69523B791FA94E31004135EB /* testTests */,
				69523B841FA94E31004135EB /* testUITests */,
				69523B631FA94E31004135EB /* Products */,
			);
			sourceTree = "<group>";
		};
		69523B631FA94E31004135EB /* Products */ = {
			isa = PBXGroup;
			children = (
				69523B621FA94E31004135EB /* test.app */,
				69523B761FA94E31004135EB /* testTests.xctest */,
				69523B811FA94E31004135EB /* testUITests.xctest */,
			);
			name = Products;
			sourceTree = "<group>";
		};
		69523B641FA94E31004135EB /* test */ = {
			isa = PBXGroup;
			children = (
				69523B651FA94E31004135EB /* AppDelegate.swift */,
				69523B671FA94E31004135EB /* ViewController.swift */,
				69523B691FA94E31004135EB /* Main.storyboard */,
				69523B6C1FA94E31004135EB /* Assets.xcassets */,
				69523B6E1FA94E31004135EB /* LaunchScreen.storyboard */,
				69523B711FA94E31004135EB /* Info.plist */,
			);
			path = test;
			sourceTree = "<group>";
		};
		69523B791FA94E31004135EB /* testTests */ = {
			isa = PBXGroup;
			children = (
				69523B7A1FA94E31004135EB /* testTests.swift */,
				69523B7C1FA94E31004135EB /* Info.plist */,
			);
			path = testTests;
			sourceTree = "<group>";
		};
		69523B841FA94E31004135EB /* testUITests */ = {
			isa = PBXGroup;
			children = (
				69523B851FA94E31004135EB /* testUITests.swift */,
				69523B871FA94E31004135EB /* Info.plist */,
			);
			path = testUITests;
			sourceTree = "<group>";
		};
/* End PBXGroup section */

/* Begin PBXNativeTarget section */
		69523B611FA94E31004135EB /* test */ = {
			isa = PBXNativeTarget;
			buildConfigurationList = 69523B8A1FA94E31004135EB /* Build configuration list for PBXNativeTarget "test" */;
			buildPhases = (
				69523B5E1FA94E31004135EB /* Sources */,
				69523B5F1FA94E31004135EB /* Frameworks */,
				69523B601FA94E31004135EB /* Resources */,
			);
			buildRules = (
			);
			dependencies = (
			);
			name = test;
			productName = test;
			productReference = 69523B621FA94E31004135EB /* test.app */;
			productType = "com.apple.product-type.application";
		};
		69523B751FA94E31004135EB /* testTests */ = {
			isa = PBXNativeTarget;
			buildConfigurationList = 69523B8D1FA94E31004135EB /* Build configuration list for PBXNativeTarget "testTests" */;
			buildPhases = (
				69523B721FA94E31004135EB /* Sources */,
				69523B731FA94E31004135EB /* Frameworks */,
				69523B741FA94E31004135EB /* Resources */,
			);
			buildRules = (
			);
			dependencies = (
				69523B781FA94E31004135EB /* PBXTargetDependency */,
			);
			name = testTests;
			productName = testTests;
			productReference = 69523B761FA94E31004135EB /* testTests.xctest */;
			productType = "com.apple.product-type.bundle.unit-test";
		};
		69523B801FA94E31004135EB /* testUITests */ = {
			isa = PBXNativeTarget;
			buildConfigurationList = 69523B901FA94E31004135EB /* Build configuration list for PBXNativeTarget "testUITests" */;
			buildPhases = (
				69523B7D1FA94E31004135EB /* Sources */,
				69523B7E1FA94E31004135EB /* Frameworks */,
				69523B7F1FA94E31004135EB /* Resources */,
			);
			buildRules = (
			);
			dependencies = (
				69523B831FA94E31004135EB /* PBXTargetDependency */,
			);
			name = testUITests;
			productName = testUITests;
			productReference = 69523B811FA94E31004135EB /* testUITests.xctest */;
			productType = "com.apple.product-type.bundle.ui-testing";
		};
/* End PBXNativeTarget section */

/* Begin PBXProject section */
		69523B5A1FA94E31004135EB /* Project object */ = {
			isa = PBXProject;
			attributes = {
				LastSwiftUpdateCheck = 0900;
				LastUpgradeCheck = 0900;
				ORGANIZATIONNAME = "xianhui chen";
				TargetAttributes = {
					69523B611FA94E31004135EB = {
						CreatedOnToolsVersion = 9.0.1;
						ProvisioningStyle = Automatic;
					};
					69523B751FA94E31004135EB = {
						CreatedOnToolsVersion = 9.0.1;
						ProvisioningStyle = Automatic;
						TestTargetID = 69523B611FA94E31004135EB;
					};
					69523B801FA94E31004135EB = {
						CreatedOnToolsVersion = 9.0.1;
						ProvisioningStyle = Automatic;
						TestTargetID = 69523B611FA94E31004135EB;
					};
				};
			};
			buildConfigurationList = 69523B5D1FA94E31004135EB /* Build configuration list for PBXProject "test" */;
			compatibilityVersion = "Xcode 8.0";
			developmentRegion = en;
			hasScannedForEncodings = 0;
			knownRegions = (
				en,
				Base,
			);
			mainGroup = 69523B591FA94E31004135EB;
			productRefGroup = 69523B631FA94E31004135EB /* Products */;
			projectDirPath = "";
			projectRoot = "";
			targets = (
				69523B611FA94E31004135EB /* test */,
				69523B751FA94E31004135EB /* testTests */,
				69523B801FA94E31004135EB /* testUITests */,
			);
		};
/* End PBXProject section */

/* Begin PBXResourcesBuildPhase section */
		69523B601FA94E31004135EB /* Resources */ = {
			isa = PBXResourcesBuildPhase;
			buildActionMask = 2147483647;
			files = (
				69523B701FA94E31004135EB /* LaunchScreen.storyboard in Resources */,
				69523B6D1FA94E31004135EB /* Assets.xcassets in Resources */,
				69523B6B1FA94E31004135EB /* Main.storyboard in Resources */,
			);
			runOnlyForDeploymentPostprocessing = 0;
		};
		69523B741FA94E31004135EB /* Resources */ = {
			isa = PBXResourcesBuildPhase;
			buildActionMask = 2147483647;
			files = (
			);
			runOnlyForDeploymentPostprocessing = 0;
		};
		69523B7F1FA94E31004135EB /* Resources */ = {
			isa = PBXResourcesBuildPhase;
			buildActionMask = 2147483647;
			files = (
			);
			runOnlyForDeploymentPostprocessing = 0;
		};
/* End PBXResourcesBuildPhase section */

/* Begin PBXSourcesBuildPhase section */
		69523B5E1FA94E31004135EB /* Sources */ = {
			isa = PBXSourcesBuildPhase;
			buildActionMask = 2147483647;
			files = (
				69523B681FA94E31004135EB /* ViewController.swift in Sources */,
				69523B661FA94E31004135EB /* AppDelegate.swift in Sources */,
			);
			runOnlyForDeploymentPostprocessing = 0;
		};
		69523B721FA94E31004135EB /* Sources */ = {
			isa = PBXSourcesBuildPhase;
			buildActionMask = 2147483647;
			files = (
				69523B7B1FA94E31004135EB /* testTests.swift in Sources */,
			);
			runOnlyForDeploymentPostprocessing = 0;
		};
		69523B7D1FA94E31004135EB /* Sources */ = {
			isa = PBXSourcesBuildPhase;
			buildActionMask = 2147483647;
			files = (
				69523B861FA94E31004135EB /* testUITests.swift in Sources */,
			);
			runOnlyForDeploymentPostprocessing = 0;
		};
/* End PBXSourcesBuildPhase section */

/* Begin PBXTargetDependency section */
		69523B781FA94E31004135EB /* PBXTargetDependency */ = {
			isa = PBXTargetDependency;
			target = 69523B611FA94E31004135EB /* test */;
			targetProxy = 69523B771FA94E31004135EB /* PBXContainerItemProxy */;
		};
		69523B831FA94E31004135EB /* PBXTargetDependency */ = {
			isa = PBXTargetDependency;
			target = 69523B611FA94E31004135EB /* test */;
			targetProxy = 69523B821FA94E31004135EB /* PBXContainerItemProxy */;
		};
/* End PBXTargetDependency section */

/* Begin PBXVariantGroup section */
		69523B691FA94E31004135EB /* Main.storyboard */ = {
			isa = PBXVariantGroup;
			children = (
				69523B6A1FA94E31004135EB /* Base */,
			);
			name = Main.storyboard;
			sourceTree = "<group>";
		};
		69523B6E1FA94E31004135EB /* LaunchScreen.storyboard */ = {
			isa = PBXVariantGroup;
			children = (
				69523B6F1FA94E31004135EB /* Base */,
			);
			name = LaunchScreen.storyboard;
			sourceTree = "<group>";
		};
/* End PBXVariantGroup section */

/* Begin XCBuildConfiguration section */
		69523B881FA94E31004135EB /* Debug */ = {
			isa = XCBuildConfiguration;
			buildSettings = {
				ALWAYS_SEARCH_USER_PATHS = NO;
				CLANG_ANALYZER_NONNULL = YES;
				CLANG_ANALYZER_NUMBER_OBJECT_CONVERSION = YES_AGGRESSIVE;
				CLANG_CXX_LANGUAGE_STANDARD = "gnu++14";
				CLANG_CXX_LIBRARY = "libc++";
				CLANG_ENABLE_MODULES = YES;
				CLANG_ENABLE_OBJC_ARC = YES;
				CLANG_WARN_BLOCK_CAPTURE_AUTORELEASING = YES;
				CLANG_WARN_BOOL_CONVERSION = YES;
				CLANG_WARN_COMMA = YES;
				CLANG_WARN_CONSTANT_CONVERSION = YES;
				CLANG_WARN_DIRECT_OBJC_ISA_USAGE = YES_ERROR;
				CLANG_WARN_DOCUMENTATION_COMMENTS = YES;
				CLANG_WARN_EMPTY_BODY = YES;
				CLANG_WARN_ENUM_CONVERSION = YES;
				CLANG_WARN_INFINITE_RECURSION = YES;
				CLANG_WARN_INT_CONVERSION = YES;
				CLANG_WARN_NON_LITERAL_NULL_CONVERSION = YES;
				CLANG_WARN_OBJC_LITERAL_CONVERSION = YES;
				CLANG_WARN_OBJC_ROOT_CLASS = YES_ERROR;
				CLANG_WARN_RANGE_LOOP_ANALYSIS = YES;
				CLANG_WARN_STRICT_PROTOTYPES = YES;
				CLANG_WARN_SUSPICIOUS_MOVE = YES;
				CLANG_WARN_UNGUARDED_AVAILABILITY = YES_AGGRESSIVE;
				CLANG_WARN_UNREACHABLE_CODE = YES;
				CLANG_WARN__DUPLICATE_METHOD_MATCH = YES;
				CODE_SIGN_IDENTITY = "iPhone Developer";
				COPY_PHASE_STRIP = NO;
				DEBUG_INFORMATION_FORMAT = dwarf;
				ENABLE_STRICT_OBJC_MSGSEND = YES;
				ENABLE_TESTABILITY = YES;
				GCC_C_LANGUAGE_STANDARD = gnu11;
				GCC_DYNAMIC_NO_PIC = NO;
				GCC_NO_COMMON_BLOCKS = YES;
				GCC_OPTIMIZATION_LEVEL = 0;
				GCC_PREPROCESSOR_DEFINITIONS = (
					"DEBUG=1",
					"$(inherited)",
				);
				GCC_WARN_64_TO_32_BIT_CONVERSION = YES;
				GCC_WARN_ABOUT_RETURN_TYPE = YES_ERROR;
				GCC_WARN_UNDECLARED_SELECTOR = YES;
				GCC_WARN_UNINITIALIZED_AUTOS = YES_AGGRESSIVE;
				GCC_WARN_UNUSED_FUNCTION = YES;
				GCC_WARN_UNUSED_VARIABLE = YES;
				IPHONEOS_DEPLOYMENT_TARGET = 11.0;
				MTL_ENABLE_DEBUG_INFO = YES;
				ONLY_ACTIVE_ARCH = YES;
				SDKROOT = iphoneos;
				SWIFT_ACTIVE_COMPILATION_CONDITIONS = DEBUG;
				SWIFT_OPTIMIZATION_LEVEL = "-Onone";
			};
			name = Debug;
		};
		69523B891FA94E31004135EB /* Release */ = {
			isa = XCBuildConfiguration;
			buildSettings = {
				ALWAYS_SEARCH_USER_PATHS = NO;
				CLANG_ANALYZER_NONNULL = YES;
				CLANG_ANALYZER_NUMBER_OBJECT_CONVERSION = YES_AGGRESSIVE;
				CLANG_CXX_LANGUAGE_STANDARD = "gnu++14";
				CLANG_CXX_LIBRARY = "libc++";
				CLANG_ENABLE_MODULES = YES;
				CLANG_ENABLE_OBJC_ARC = YES;
				CLANG_WARN_BLOCK_CAPTURE_AUTORELEASING = YES;
				CLANG_WARN_BOOL_CONVERSION = YES;
				CLANG_WARN_COMMA = YES;
				CLANG_WARN_CONSTANT_CONVERSION = YES;
				CLANG_WARN_DIRECT_OBJC_ISA_USAGE = YES_ERROR;
				CLANG_WARN_DOCUMENTATION_COMMENTS = YES;
				CLANG_WARN_EMPTY_BODY = YES;
				CLANG_WARN_ENUM_CONVERSION = YES;
				CLANG_WARN_INFINITE_RECURSION = YES;
				CLANG_WARN_INT_CONVERSION = YES;
				CLANG_WARN_NON_LITERAL_NULL_CONVERSION = YES;
				CLANG_WARN_OBJC_LITERAL_CONVERSION = YES;
				CLANG_WARN_OBJC_ROOT_CLASS = YES_ERROR;
				CLANG_WARN_RANGE_LOOP_ANALYSIS = YES;
				CLANG_WARN_STRICT_PROTOTYPES = YES;
				CLANG_WARN_SUSPICIOUS_MOVE = YES;
				CLANG_WARN_UNGUARDED_AVAILABILITY = YES_AGGRESSIVE;
				CLANG_WARN_UNREACHABLE_CODE = YES;
				CLANG_WARN__DUPLICATE_METHOD_MATCH = YES;
				CODE_SIGN_IDENTITY = "iPhone Developer";
				COPY_PHASE_STRIP = NO;
				DEBUG_INFORMATION_FORMAT = "dwarf-with-dsym";
				ENABLE_NS_ASSERTIONS = NO;
				ENABLE_STRICT_OBJC_MSGSEND = YES;
				GCC_C_LANGUAGE_STANDARD = gnu11;
				GCC_NO_COMMON_BLOCKS = YES;
				GCC_WARN_64_TO_32_BIT_CONVERSION = YES;
				GCC_WARN_ABOUT_RETURN_TYPE = YES_ERROR;
				GCC_WARN_UNDECLARED_SELECTOR = YES;
				GCC_WARN_UNINITIALIZED_AUTOS = YES_AGGRESSIVE;
				GCC_WARN_UNUSED_FUNCTION = YES;
				GCC_WARN_UNUSED_VARIABLE = YES;
				IPHONEOS_DEPLOYMENT_TARGET = 11.0;
				MTL_ENABLE_DEBUG_INFO = NO;
				SDKROOT = iphoneos;
				SWIFT_OPTIMIZATION_LEVEL = "-Owholemodule";
				VALIDATE_PRODUCT = YES;
			};
			name = Release;
		};
		69523B8B1FA94E31004135EB /* Debug */ = {
			isa = XCBuildConfiguration;
			buildSettings = {
				ASSETCATALOG_COMPILER_APPICON_NAME = AppIcon;
				CODE_SIGN_STYLE = Automatic;
				DEVELOPMENT_TEAM = K7VADQ6CBB;
				INFOPLIST_FILE = test/Info.plist;
				LD_RUNPATH_SEARCH_PATHS = "$(inherited) @executable_path/Frameworks";
				PRODUCT_BUNDLE_IDENTIFIER = uvic.test;
				PRODUCT_NAME = "$(TARGET_NAME)";
				SWIFT_VERSION = 4.0;
				TARGETED_DEVICE_FAMILY = "1,2";
			};
			name = Debug;
		};
		69523B8C1FA94E31004135EB /* Release */ = {
			isa = XCBuildConfiguration;
			buildSettings = {
				ASSETCATALOG_COMPILER_APPICON_NAME = AppIcon;
				CODE_SIGN_STYLE = Automatic;
				DEVELOPMENT_TEAM = K7VADQ6CBB;
				INFOPLIST_FILE = test/Info.plist;
				LD_RUNPATH_SEARCH_PATHS = "$(inherited) @executable_path/Frameworks";
				PRODUCT_BUNDLE_IDENTIFIER = uvic.test;
				PRODUCT_NAME = "$(TARGET_NAME)";
				SWIFT_VERSION = 4.0;
				TARGETED_DEVICE_FAMILY = "1,2";
			};
			name = Release;
		};
		69523B8E1FA94E31004135EB /* Debug */ = {
			isa = XCBuildConfiguration;
			buildSettings = {
				ALWAYS_EMBED_SWIFT_STANDARD_LIBRARIES = YES;
				BUNDLE_LOADER = "$(TEST_HOST)";
				CODE_SIGN_STYLE = Automatic;
				DEVELOPMENT_TEAM = K7VADQ6CBB;
				INFOPLIST_FILE = testTests/Info.plist;
				LD_RUNPATH_SEARCH_PATHS = "$(inherited) @executable_path/Frameworks @loader_path/Frameworks";
				PRODUCT_BUNDLE_IDENTIFIER = uvic.testTests;
				PRODUCT_NAME = "$(TARGET_NAME)";
				SWIFT_VERSION = 4.0;
				TARGETED_DEVICE_FAMILY = "1,2";
				TEST_HOST = "$(BUILT_PRODUCTS_DIR)/test.app/test";
			};
			name = Debug;
		};
		69523B8F1FA94E31004135EB /* Release */ = {
			isa = XCBuildConfiguration;
			buildSettings = {
				ALWAYS_EMBED_SWIFT_STANDARD_LIBRARIES = YES;
				BUNDLE_LOADER = "$(TEST_HOST)";
				CODE_SIGN_STYLE = Automatic;
				DEVELOPMENT_TEAM = K7VADQ6CBB;
				INFOPLIST_FILE = testTests/Info.plist;
				LD_RUNPATH_SEARCH_PATHS = "$(inherited) @executable_path/Frameworks @loader_path/Frameworks";
				PRODUCT_BUNDLE_IDENTIFIER = uvic.testTests;
				PRODUCT_NAME = "$(TARGET_NAME)";
				SWIFT_VERSION = 4.0;
				TARGETED_DEVICE_FAMILY = "1,2";
				TEST_HOST = "$(BUILT_PRODUCTS_DIR)/test.app/test";
			};
			name = Release;
		};
		69523B911FA94E31004135EB /* Debug */ = {
			isa = XCBuildConfiguration;
			buildSettings = {
				ALWAYS_EMBED_SWIFT_STANDARD_LIBRARIES = YES;
				CODE_SIGN_STYLE = Automatic;
				DEVELOPMENT_TEAM = K7VADQ6CBB;
				INFOPLIST_FILE = testUITests/Info.plist;
				LD_RUNPATH_SEARCH_PATHS = "$(inherited) @executable_path/Frameworks @loader_path/Frameworks";
				PRODUCT_BUNDLE_IDENTIFIER = uvic.testUITests;
				PRODUCT_NAME = "$(TARGET_NAME)";
				SWIFT_VERSION = 4.0;
				TARGETED_DEVICE_FAMILY = "1,2";
				TEST_TARGET_NAME = test;
			};
			name = Debug;
		};
		69523B921FA94E31004135EB /* Release */ = {
			isa = XCBuildConfiguration;
			buildSettings = {
				ALWAYS_EMBED_SWIFT_STANDARD_LIBRARIES = YES;
				CODE_SIGN_STYLE = Automatic;
				DEVELOPMENT_TEAM = K7VADQ6CBB;
				INFOPLIST_FILE = testUITests/Info.plist;
				LD_RUNPATH_SEARCH_PATHS = "$(inherited) @executable_path/Frameworks @loader_path/Frameworks";
				PRODUCT_BUNDLE_IDENTIFIER = uvic.testUITests;
				PRODUCT_NAME = "$(TARGET_NAME)";
				SWIFT_VERSION = 4.0;
				TARGETED_DEVICE_FAMILY = "1,2";
				TEST_TARGET_NAME = test;
			};
			name = Release;
		};
/* End XCBuildConfiguration section */

/* Begin XCConfigurationList section */
		69523B5D1FA94E31004135EB /* Build configuration list for PBXProject "test" */ = {
			isa = XCConfigurationList;
			buildConfigurations = (
				69523B881FA94E31004135EB /* Debug */,
				69523B891FA94E31004135EB /* Release */,
			);
			defaultConfigurationIsVisible = 0;
			defaultConfigurationName = Release;
		};
		69523B8A1FA94E31004135EB /* Build configuration list for PBXNativeTarget "test" */ = {
			isa = XCConfigurationList;
			buildConfigurations = (
				69523B8B1FA94E31004135EB /* Debug */,
				69523B8C1FA94E31004135EB /* Release */,
			);
			defaultConfigurationIsVisible = 0;
			defaultConfigurationName = Release;
		};
		69523B8D1FA94E31004135EB /* Build configuration list for PBXNativeTarget "testTests" */ = {
			isa = XCConfigurationList;
			buildConfigurations = (
				69523B8E1FA94E31004135EB /* Debug */,
				69523B8F1FA94E31004135EB /* Release */,
			);
			defaultConfigurationIsVisible = 0;
			defaultConfigurationName = Release;
		};
		69523B901FA94E31004135EB /* Build configuration list for PBXNativeTarget "testUITests" */ = {
			isa = XCConfigurationList;
			buildConfigurations = (
				69523B911FA94E31004135EB /* Debug */,
				69523B921FA94E31004135EB /* Release */,
			);
			defaultConfigurationIsVisible = 0;
			defaultConfigurationName = Release;
		};
/* End XCConfigurationList section */
	};
	rootObject = 69523B5A1FA94E31004135EB /* Project object */;
}
